
Microsoft Visual Studio Solution File, Format Version 12.00
# Visual Studio Version 16
VisualStudioVersion = 16.0.30320.27
MinimumVisualStudioVersion = 10.0.40219.1
Project("{FAE04EC0-301F-11D3-BF4B-00C04F79EFBC}") = "InfoTrack.SEO.Web", "InfoTrack.SEO.Web\InfoTrack.SEO.Web.csproj", "{BC0559A7-2713-42DC-94E5-9E71114072B8}"
EndProject
Project("{FAE04EC0-301F-11D3-BF4B-00C04F79EFBC}") = "InfoTrack.SEO.Scraper", "InfoTrack.SEO.Scraper\InfoTrack.SEO.Scraper.csproj", "{AE6800D6-32D3-4CF5-8844-2DCF72D20939}"
EndProject
Project("{FAE04EC0-301F-11D3-BF4B-00C04F79EFBC}") = "InfoTrack.SEO.Parser", "InfoTrack.SEO.Parser\InfoTrack.SEO.Parser.csproj", "{958D1973-8EE0-49D6-9DD0-80B3C1D397C0}"
EndProject
Project("{FAE04EC0-301F-11D3-BF4B-00C04F79EFBC}") = "InfoTrack.SEO.ScraperTests", "InfoTrack.SEO.ScraperTests\InfoTrack.SEO.ScraperTests.csproj", "{0D552CDF-60A0-4A9F-B5D3-23D1D56ADC59}"
EndProject
Project("{FAE04EC0-301F-11D3-BF4B-00C04F79EFBC}") = "InfoTrack.SEO.ParserTests", "InfoTrack.SEO.ParserTests\InfoTrack.SEO.ParserTests.csproj", "{AF63EEE5-326F-46B6-84C3-60933AA4D07F}"
EndProject
Project("{FAE04EC0-301F-11D3-BF4B-00C04F79EFBC}") = "InfoTrack.SEO.WebTests", "InfoTrack.SEO.WebTests\InfoTrack.SEO.WebTests.csproj", "{4D83127D-A8A1-49AD-B7E4-BCF0470F30B3}"
EndProject
Global
	GlobalSection(SolutionConfigurationPlatforms) = preSolution
		Debug|Any CPU = Debug|Any CPU
		Release|Any CPU = Release|Any CPU
	EndGlobalSection
	GlobalSection(ProjectConfigurationPlatforms) = postSolution
		{BC0559A7-2713-42DC-94E5-9E71114072B8}.Debug|Any CPU.ActiveCfg = Debug|Any CPU
		{BC0559A7-2713-42DC-94E5-9E71114072B8}.Debug|Any CPU.Build.0 = Debug|Any CPU
		{BC0559A7-2713-42DC-94E5-9E71114072B8}.Release|Any CPU.ActiveCfg = Release|Any CPU
		{BC0559A7-2713-42DC-94E5-9E71114072B8}.Release|Any CPU.Build.0 = Release|Any CPU
		{AE6800D6-32D3-4CF5-8844-2DCF72D20939}.Debug|Any CPU.ActiveCfg = Debug|Any CPU
		{AE6800D6-32D3-4CF5-8844-2DCF72D20939}.Debug|Any CPU.Build.0 = Debug|Any CPU
		{AE6800D6-32D3-4CF5-8844-2DCF72D20939}.Release|Any CPU.ActiveCfg = Release|Any CPU
		{AE6800D6-32D3-4CF5-8844-2DCF72D20939}.Release|Any CPU.Build.0 = Release|Any CPU
		{958D1973-8EE0-49D6-9DD0-80B3C1D397C0}.Debug|Any CPU.ActiveCfg = Debug|Any CPU
		{958D1973-8EE0-49D6-9DD0-80B3C1D397C0}.Debug|Any CPU.Build.0 = Debug|Any CPU
		{958D1973-8EE0-49D6-9DD0-80B3C1D397C0}.Release|Any CPU.ActiveCfg = Release|Any CPU
		{958D1973-8EE0-49D6-9DD0-80B3C1D397C0}.Release|Any CPU.Build.0 = Release|Any CPU
		{0D552CDF-60A0-4A9F-B5D3-23D1D56ADC59}.Debug|Any CPU.ActiveCfg = Debug|Any CPU
		{0D552CDF-60A0-4A9F-B5D3-23D1D56ADC59}.Debug|Any CPU.Build.0 = Debug|Any CPU
		{0D552CDF-60A0-4A9F-B5D3-23D1D56ADC59}.Release|Any CPU.ActiveCfg = Release|Any CPU
		{0D552CDF-60A0-4A9F-B5D3-23D1D56ADC59}.Release|Any CPU.Build.0 = Release|Any CPU
		{AF63EEE5-326F-46B6-84C3-60933AA4D07F}.Debug|Any CPU.ActiveCfg = Debug|Any CPU
		{AF63EEE5-326F-46B6-84C3-60933AA4D07F}.Debug|Any CPU.Build.0 = Debug|Any CPU
		{AF63EEE5-326F-46B6-84C3-60933AA4D07F}.Release|Any CPU.ActiveCfg = Release|Any CPU
		{AF63EEE5-326F-46B6-84C3-60933AA4D07F}.Release|Any CPU.Build.0 = Release|Any CPU
		{4D83127D-A8A1-49AD-B7E4-BCF0470F30B3}.Debug|Any CPU.ActiveCfg = Debug|Any CPU
		{4D83127D-A8A1-49AD-B7E4-BCF0470F30B3}.Debug|Any CPU.Build.0 = Debug|Any CPU
		{4D83127D-A8A1-49AD-B7E4-BCF0470F30B3}.Release|Any CPU.ActiveCfg = Release|Any CPU
		{4D83127D-A8A1-49AD-B7E4-BCF0470F30B3}.Release|Any CPU.Build.0 = Release|Any CPU
	EndGlobalSection
	GlobalSection(SolutionProperties) = preSolution
		HideSolutionNode = FALSE
	EndGlobalSection
	GlobalSection(ExtensibilityGlobals) = postSolution
		SolutionGuid = {725B1A7C-A1CB-4AE7-9B4C-9FE56ECE07D7}
	EndGlobalSection
EndGlobal
